// !$*UTF8*$!
{ archiveVersion = 1; classes = {}; objectVersion = 60; objects = {
4FBC24D2B926E811F75613AB = { isa = PBXFileReference; lastKnownFileType = sourcecode.swift; path = App/HoverIntentStudyApp.swift; sourceTree = "<group>"; };
FCD308443F3C99225EDAE2BA = { isa = PBXBuildFile; fileRef = 4FBC24D2B926E811F75613AB; };
9A7FBCB6DC46812C59F286CC = { isa = PBXFileReference; lastKnownFileType = sourcecode.swift; path = App/PencilCaptureView.swift; sourceTree = "<group>"; };
E819417423BFF51212147A71 = { isa = PBXBuildFile; fileRef = 9A7FBCB6DC46812C59F286CC; };
F557E7613C522594926CEB0D = { isa = PBXFileReference; lastKnownFileType = sourcecode.swift; path = App/SettingsView.swift; sourceTree = "<group>"; };
EF8431AC2777E551414F7BB6 = { isa = PBXBuildFile; fileRef = F557E7613C522594926CEB0D; };
34AC8A6042F7093261C92DB0 = { isa = PBXFileReference; lastKnownFileType = sourcecode.swift; path = App/StudyStore.swift; sourceTree = "<group>"; };
747E8CC431F2B1674C693788 = { isa = PBXBuildFile; fileRef = 34AC8A6042F7093261C92DB0; };
FADED40AD8A06401A0D5504D = { isa = PBXFileReference; lastKnownFileType = sourcecode.swift; path = App/V2Canvas.swift; sourceTree = "<group>"; };
8C1C1EBAA88CFD664BBCF3F4 = { isa = PBXBuildFile; fileRef = FADED40AD8A06401A0D5504D; };
D02346765683C8E35C34A05F = { isa = PBXFileReference; lastKnownFileType = sourcecode.swift; path = App/V2Store.swift; sourceTree = "<group>"; };
964CD2DE30CDC5D66C96EA80 = { isa = PBXBuildFile; fileRef = D02346765683C8E35C34A05F; };
75BF640B977816247E918CDE = { isa = PBXFileReference; lastKnownFileType = sourcecode.swift; path = App/V2StudyScreen.swift; sourceTree = "<group>"; };
D2C4F3A9C6950BDC990F130F = { isa = PBXBuildFile; fileRef = 75BF640B977816247E918CDE; };
38A007151ABE87CC01A5B6E9 = { isa = PBXFileReference; explicitFileType = wrapper.application; path = HoverIntentStudy.app; sourceTree = BUILT_PRODUCTS_DIR; };
06D988CE8A4343CC9ED0D4F0 = { isa = PBXFileReference; lastKnownFileType = sourcecode.swift; path = UITests/HoverStudyUITests.swift; sourceTree = "<group>"; };
A43402011D74D5734C7D96ED = { isa = PBXBuildFile; fileRef = 06D988CE8A4343CC9ED0D4F0; };
2E635C1267B14E15F71F5D1A = { isa = PBXFileReference; explicitFileType = wrapper.cfbundle; path = HoverStudyUITests.xctest; sourceTree = BUILT_PRODUCTS_DIR; };
582681C2EAE02B3F3D399C0C = { isa = XCLocalSwiftPackageReference; relativePath = HoverStudyCore; };
60E262C5E4EFA18325B3550C = { isa = XCSwiftPackageProductDependency; package = 582681C2EAE02B3F3D399C0C; productName = HoverStudyCore; };
BEEE29B93E5F9E1EA0F67AC7 = { isa = PBXBuildFile; productRef = 60E262C5E4EFA18325B3550C; };
BCE16DD0260827ECF338C787 = { isa = PBXSourcesBuildPhase; buildActionMask = 2147483647; files = (FCD308443F3C99225EDAE2BA,E819417423BFF51212147A71,EF8431AC2777E551414F7BB6,747E8CC431F2B1674C693788,8C1C1EBAA88CFD664BBCF3F4,964CD2DE30CDC5D66C96EA80,D2C4F3A9C6950BDC990F130F,); runOnlyForDeploymentPostprocessing = 0; };
7561BFB015D8F536760CB671 = { isa = PBXFrameworksBuildPhase; buildActionMask = 2147483647; files = (BEEE29B93E5F9E1EA0F67AC7,); runOnlyForDeploymentPostprocessing = 0; };
E8DD61BB0393B0079281955B = { isa = PBXFileReference; lastKnownFileType = folder; path = App/StudyMedia; sourceTree = "<group>"; };
9452FBCF16244FE206FA66F3 = { isa = PBXBuildFile; fileRef = E8DD61BB0393B0079281955B; };
0189424A5A60FED329FA868E = { isa = PBXResourcesBuildPhase; buildActionMask = 2147483647; files = (9452FBCF16244FE206FA66F3,); runOnlyForDeploymentPostprocessing = 0; };
FBDC4F23F93125BBEEAE800C = { isa = PBXGroup; children = (38A007151ABE87CC01A5B6E9,2E635C1267B14E15F71F5D1A,); name = Products; sourceTree = "<group>"; };
64292B1C2B2E13EAD8788FC8 = { isa = PBXGroup; children = (4FBC24D2B926E811F75613AB,9A7FBCB6DC46812C59F286CC,F557E7613C522594926CEB0D,34AC8A6042F7093261C92DB0,FADED40AD8A06401A0D5504D,D02346765683C8E35C34A05F,75BF640B977816247E918CDE,E8DD61BB0393B0079281955B,06D988CE8A4343CC9ED0D4F0,FBDC4F23F93125BBEEAE800C,); sourceTree = "<group>"; };
AA60E62D3E7BAEF305ADABEA = { isa = XCBuildConfiguration; name = Debug; buildSettings = { CLANG_ENABLE_MODULES = YES; SDKROOT = iphoneos; IPHONEOS_DEPLOYMENT_TARGET = 16.4; SWIFT_VERSION = 5.0; ONLY_ACTIVE_ARCH = YES; SWIFT_OPTIMIZATION_LEVEL = "-Onone"; }; };
89679AD72EB8C11CFB977C17 = { isa = XCBuildConfiguration; name = Debug; buildSettings = { CODE_SIGN_STYLE = Automatic; CURRENT_PROJECT_VERSION = 3; MARKETING_VERSION = 2.2; GENERATE_INFOPLIST_FILE = YES; PRODUCT_BUNDLE_IDENTIFIER = org.hoverresearch.HoverIntentStudy; PRODUCT_NAME = "$(TARGET_NAME)"; TARGETED_DEVICE_FAMILY = 2; SUPPORTED_PLATFORMS = "iphoneos iphonesimulator"; SUPPORTS_MACCATALYST = NO; INFOPLIST_KEY_CFBundleDisplayName = "Hover Intent Study"; INFOPLIST_KEY_UIApplicationSceneManifest_Generation = YES; INFOPLIST_KEY_UILaunchScreen_Generation = YES; INFOPLIST_KEY_UIRequiresFullScreen = YES; INFOPLIST_KEY_UISupportedInterfaceOrientations_iPad = "UIInterfaceOrientationLandscapeLeft UIInterfaceOrientationLandscapeRight"; INFOPLIST_KEY_UIFileSharingEnabled = YES; INFOPLIST_KEY_LSSupportsOpeningDocumentsInPlace = YES; SWIFT_EMIT_LOC_STRINGS = YES; }; };
1ED7A516FF05A820918A2CDC = { isa = XCBuildConfiguration; name = Debug; buildSettings = { CODE_SIGN_STYLE = Automatic; GENERATE_INFOPLIST_FILE = YES; PRODUCT_BUNDLE_IDENTIFIER = org.hoverresearch.HoverStudyUITests; PRODUCT_NAME = "$(TARGET_NAME)"; TARGETED_DEVICE_FAMILY = 2; TEST_TARGET_NAME = HoverIntentStudy; }; };
3D553B551D2688E2E7A15153 = { isa = XCBuildConfiguration; name = Release; buildSettings = { CLANG_ENABLE_MODULES = YES; SDKROOT = iphoneos; IPHONEOS_DEPLOYMENT_TARGET = 16.4; SWIFT_VERSION = 5.0; ONLY_ACTIVE_ARCH = NO; SWIFT_OPTIMIZATION_LEVEL = "-O"; }; };
DB94307ECB9D84D73F3251E3 = { isa = XCBuildConfiguration; name = Release; buildSettings = { CODE_SIGN_STYLE = Automatic; CURRENT_PROJECT_VERSION = 3; MARKETING_VERSION = 2.2; GENERATE_INFOPLIST_FILE = YES; PRODUCT_BUNDLE_IDENTIFIER = org.hoverresearch.HoverIntentStudy; PRODUCT_NAME = "$(TARGET_NAME)"; TARGETED_DEVICE_FAMILY = 2; SUPPORTED_PLATFORMS = "iphoneos iphonesimulator"; SUPPORTS_MACCATALYST = NO; INFOPLIST_KEY_CFBundleDisplayName = "Hover Intent Study"; INFOPLIST_KEY_UIApplicationSceneManifest_Generation = YES; INFOPLIST_KEY_UILaunchScreen_Generation = YES; INFOPLIST_KEY_UIRequiresFullScreen = YES; INFOPLIST_KEY_UISupportedInterfaceOrientations_iPad = "UIInterfaceOrientationLandscapeLeft UIInterfaceOrientationLandscapeRight"; INFOPLIST_KEY_UIFileSharingEnabled = YES; INFOPLIST_KEY_LSSupportsOpeningDocumentsInPlace = YES; SWIFT_EMIT_LOC_STRINGS = YES; }; };
A011E7A8D337184589196550 = { isa = XCBuildConfiguration; name = Release; buildSettings = { CODE_SIGN_STYLE = Automatic; GENERATE_INFOPLIST_FILE = YES; PRODUCT_BUNDLE_IDENTIFIER = org.hoverresearch.HoverStudyUITests; PRODUCT_NAME = "$(TARGET_NAME)"; TARGETED_DEVICE_FAMILY = 2; TEST_TARGET_NAME = HoverIntentStudy; }; };
640DC9EFD529235A8D9E2727 = { isa = XCConfigurationList; buildConfigurations = (AA60E62D3E7BAEF305ADABEA,3D553B551D2688E2E7A15153,); defaultConfigurationIsVisible = 0; defaultConfigurationName = Release; };
976B52545947CA66FD9EF2A4 = { isa = XCConfigurationList; buildConfigurations = (89679AD72EB8C11CFB977C17,DB94307ECB9D84D73F3251E3,); defaultConfigurationIsVisible = 0; defaultConfigurationName = Release; };
0E8A3AD980EC179856012B7E = { isa = PBXNativeTarget; buildConfigurationList = 976B52545947CA66FD9EF2A4; buildPhases = (BCE16DD0260827ECF338C787,7561BFB015D8F536760CB671,0189424A5A60FED329FA868E,); buildRules = (); dependencies = (); name = HoverIntentStudy; packageProductDependencies = (60E262C5E4EFA18325B3550C,); productName = HoverIntentStudy; productReference = 38A007151ABE87CC01A5B6E9; productType = "com.apple.product-type.application"; };
E1984331FEF83049637531EF = { isa = XCConfigurationList; buildConfigurations = (1ED7A516FF05A820918A2CDC,A011E7A8D337184589196550,); defaultConfigurationIsVisible = 0; defaultConfigurationName = Release; };
55C2A1145FF0806565865D92 = { isa = PBXSourcesBuildPhase; buildActionMask = 2147483647; files = (A43402011D74D5734C7D96ED,); runOnlyForDeploymentPostprocessing = 0; };
F2911E6CDEAA0FE13B12A6A4 = { isa = PBXTargetDependency; target = 0E8A3AD980EC179856012B7E; };
95F9FC6E252E44B94B26FF0C = { isa = PBXNativeTarget; buildConfigurationList = E1984331FEF83049637531EF; buildPhases = (55C2A1145FF0806565865D92,); buildRules = (); dependencies = (F2911E6CDEAA0FE13B12A6A4,); name = HoverStudyUITests; productName = HoverStudyUITests; productReference = 2E635C1267B14E15F71F5D1A; productType = "com.apple.product-type.bundle.ui-testing"; };
98F54143AB4E86B28C3AFEE0 = { isa = PBXProject; attributes = { LastUpgradeCheck = 2620; }; buildConfigurationList = 640DC9EFD529235A8D9E2727; compatibilityVersion = "Xcode 14.0"; developmentRegion = en; hasScannedForEncodings = 0; knownRegions = (en, Base, "zh-Hans"); mainGroup = 64292B1C2B2E13EAD8788FC8; packageReferences = (582681C2EAE02B3F3D399C0C,); productRefGroup = FBDC4F23F93125BBEEAE800C; projectDirPath = ""; projectRoot = ""; targets = (0E8A3AD980EC179856012B7E,95F9FC6E252E44B94B26FF0C,); };
}; rootObject = 98F54143AB4E86B28C3AFEE0; }
